// !$*UTF8*$!
{
	archiveVersion = 1;
	classes = {
	};
	objectVersion = 56;
	objects = {

/* Begin PBXBuildFile section */
		450E5C652AF76B1500D9540A /* GitRepoFinderApp.swift in Sources */ = {isa = PBXBuildFile; fileRef = 450E5C642AF76B1500D9540A /* GitRepoFinderApp.swift */; };
		450E5C672AF76B1500D9540A /* LoginView.swift in Sources */ = {isa = PBXBuildFile; fileRef = 450E5C662AF76B1500D9540A /* LoginView.swift */; };
		450E5C692AF76B1900D9540A /* Assets.xcassets in Resources */ = {isa = PBXBuildFile; fileRef = 450E5C682AF76B1900D9540A /* Assets.xcassets */; };
		450E5C6C2AF76B1900D9540A /* Preview Assets.xcassets in Resources */ = {isa = PBXBuildFile; fileRef = 450E5C6B2AF76B1900D9540A /* Preview Assets.xcassets */; };
		450E5C742AF76E8900D9540A /* AuthManager.swift in Sources */ = {isa = PBXBuildFile; fileRef = 450E5C732AF76E8900D9540A /* AuthManager.swift */; };
		450E5C762AF76E9700D9540A /* Constants.swift in Sources */ = {isa = PBXBuildFile; fileRef = 450E5C752AF76E9700D9540A /* Constants.swift */; };
		450E5C792AF76F9700D9540A /* OAuthSwift in Frameworks */ = {isa = PBXBuildFile; productRef = 450E5C782AF76F9700D9540A /* OAuthSwift */; };
		450E5C7B2AF772EB00D9540A /* RepositoryListView.swift in Sources */ = {isa = PBXBuildFile; fileRef = 450E5C7A2AF772EB00D9540A /* RepositoryListView.swift */; };
		450E5C7E2AF77D5F00D9540A /* Repository.swift in Sources */ = {isa = PBXBuildFile; fileRef = 450E5C7D2AF77D5F00D9540A /* Repository.swift */; };
		450E5C812AF79FA000D9540A /* RepositoryListViewModel.swift in Sources */ = {isa = PBXBuildFile; fileRef = 450E5C802AF79FA000D9540A /* RepositoryListViewModel.swift */; };
		457610982AF7F3EB0008C91D /* LoginViewModel.swift in Sources */ = {isa = PBXBuildFile; fileRef = 457610972AF7F3EB0008C91D /* LoginViewModel.swift */; };
		4576109A2AF8AC620008C91D /* ContentView.swift in Sources */ = {isa = PBXBuildFile; fileRef = 457610992AF8AC620008C91D /* ContentView.swift */; };
		45B83D542AF8CCF600BC92CF /* Sort.swift in Sources */ = {isa = PBXBuildFile; fileRef = 45B83D532AF8CCF600BC92CF /* Sort.swift */; };
		45B83D592AF8FEE200BC92CF /* RepositoryView.swift in Sources */ = {isa = PBXBuildFile; fileRef = 45B83D582AF8FEE200BC92CF /* RepositoryView.swift */; };
		45B83D5D2AFA298000BC92CF /* HistoryViewModel.swift in Sources */ = {isa = PBXBuildFile; fileRef = 45B83D5C2AFA298000BC92CF /* HistoryViewModel.swift */; };
		45EA94E12AFA2F1D00BEBA80 /* HistoryView.swift in Sources */ = {isa = PBXBuildFile; fileRef = 45EA94E02AFA2F1D00BEBA80 /* HistoryView.swift */; };
		45EA94E32AFB5F6000BEBA80 /* User.swift in Sources */ = {isa = PBXBuildFile; fileRef = 45EA94E22AFB5F6000BEBA80 /* User.swift */; };
		45EA94E52AFB608F00BEBA80 /* UserListViewModel.swift in Sources */ = {isa = PBXBuildFile; fileRef = 45EA94E42AFB608F00BEBA80 /* UserListViewModel.swift */; };
		45EA94E92AFB66D600BEBA80 /* MainTabView.swift in Sources */ = {isa = PBXBuildFile; fileRef = 45EA94E82AFB66D500BEBA80 /* MainTabView.swift */; };
		45EA94EB2AFB670900BEBA80 /* UserListView.swift in Sources */ = {isa = PBXBuildFile; fileRef = 45EA94EA2AFB670900BEBA80 /* UserListView.swift */; };
		45EA94F42AFBA2F900BEBA80 /* SearchResults.swift in Sources */ = {isa = PBXBuildFile; fileRef = 45EA94F32AFBA2F900BEBA80 /* SearchResults.swift */; };
		45EA94F72AFBF67000BEBA80 /* GitHubRequest.swift in Sources */ = {isa = PBXBuildFile; fileRef = 45EA94F62AFBF67000BEBA80 /* GitHubRequest.swift */; };
		45EA94FB2AFC047E00BEBA80 /* SearchRepositoriesRequest.swift in Sources */ = {isa = PBXBuildFile; fileRef = 45EA94FA2AFC047E00BEBA80 /* SearchRepositoriesRequest.swift */; };
		45EA94FD2AFC04C300BEBA80 /* GitHubService.swift in Sources */ = {isa = PBXBuildFile; fileRef = 45EA94FC2AFC04C300BEBA80 /* GitHubService.swift */; };
		45EA94FF2AFC2A6B00BEBA80 /* SearchUsersRequest.swift in Sources */ = {isa = PBXBuildFile; fileRef = 45EA94FE2AFC2A6B00BEBA80 /* SearchUsersRequest.swift */; };
		45EA95032AFC3E7900BEBA80 /* TokenManager.swift in Sources */ = {isa = PBXBuildFile; fileRef = 45EA95022AFC3E7900BEBA80 /* TokenManager.swift */; };
		45EA95052AFC42C800BEBA80 /* UserView.swift in Sources */ = {isa = PBXBuildFile; fileRef = 45EA95042AFC42C800BEBA80 /* UserView.swift */; };
		45EA95072AFC46C900BEBA80 /* GetUserRepositoriesRequest.swift in Sources */ = {isa = PBXBuildFile; fileRef = 45EA95062AFC46C800BEBA80 /* GetUserRepositoriesRequest.swift */; };
		45EA950B2AFC4B6100BEBA80 /* UserRepositoryListView.swift in Sources */ = {isa = PBXBuildFile; fileRef = 45EA950A2AFC4B6100BEBA80 /* UserRepositoryListView.swift */; };
		45EA950D2AFC4F4900BEBA80 /* UserRepositoryListViewModel.swift in Sources */ = {isa = PBXBuildFile; fileRef = 45EA950C2AFC4F4900BEBA80 /* UserRepositoryListViewModel.swift */; };
/* End PBXBuildFile section */

/* Begin PBXFileReference section */
		450E5C612AF76B1500D9540A /* GitRepoFinder.app */ = {isa = PBXFileReference; explicitFileType = wrapper.application; includeInIndex = 0; path = GitRepoFinder.app; sourceTree = BUILT_PRODUCTS_DIR; };
		450E5C642AF76B1500D9540A /* GitRepoFinderApp.swift */ = {isa = PBXFileReference; lastKnownFileType = sourcecode.swift; path = GitRepoFinderApp.swift; sourceTree = "<group>"; };
		450E5C662AF76B1500D9540A /* LoginView.swift */ = {isa = PBXFileReference; lastKnownFileType = sourcecode.swift; path = LoginView.swift; sourceTree = "<group>"; };
		450E5C682AF76B1900D9540A /* Assets.xcassets */ = {isa = PBXFileReference; lastKnownFileType = folder.assetcatalog; path = Assets.xcassets; sourceTree = "<group>"; };
		450E5C6B2AF76B1900D9540A /* Preview Assets.xcassets */ = {isa = PBXFileReference; lastKnownFileType = folder.assetcatalog; path = "Preview Assets.xcassets"; sourceTree = "<group>"; };
		450E5C722AF76E5900D9540A /* Info.plist */ = {isa = PBXFileReference; lastKnownFileType = text.plist; path = Info.plist; sourceTree = "<group>"; };
		450E5C732AF76E8900D9540A /* AuthManager.swift */ = {isa = PBXFileReference; lastKnownFileType = sourcecode.swift; path = AuthManager.swift; sourceTree = "<group>"; };
		450E5C752AF76E9700D9540A /* Constants.swift */ = {isa = PBXFileReference; lastKnownFileType = sourcecode.swift; path = Constants.swift; sourceTree = "<group>"; };
		450E5C7A2AF772EB00D9540A /* RepositoryListView.swift */ = {isa = PBXFileReference; lastKnownFileType = sourcecode.swift; path = RepositoryListView.swift; sourceTree = "<group>"; };
		450E5C7D2AF77D5F00D9540A /* Repository.swift */ = {isa = PBXFileReference; lastKnownFileType = sourcecode.swift; path = Repository.swift; sourceTree = "<group>"; };
		450E5C802AF79FA000D9540A /* RepositoryListViewModel.swift */ = {isa = PBXFileReference; lastKnownFileType = sourcecode.swift; path = RepositoryListViewModel.swift; sourceTree = "<group>"; };
		457610972AF7F3EB0008C91D /* LoginViewModel.swift */ = {isa = PBXFileReference; lastKnownFileType = sourcecode.swift; path = LoginViewModel.swift; sourceTree = "<group>"; };
		457610992AF8AC620008C91D /* ContentView.swift */ = {isa = PBXFileReference; lastKnownFileType = sourcecode.swift; path = ContentView.swift; sourceTree = "<group>"; };
		45B83D532AF8CCF600BC92CF /* Sort.swift */ = {isa = PBXFileReference; lastKnownFileType = sourcecode.swift; path = Sort.swift; sourceTree = "<group>"; };
		45B83D582AF8FEE200BC92CF /* RepositoryView.swift */ = {isa = PBXFileReference; lastKnownFileType = sourcecode.swift; path = RepositoryView.swift; sourceTree = "<group>"; };
		45B83D5C2AFA298000BC92CF /* HistoryViewModel.swift */ = {isa = PBXFileReference; lastKnownFileType = sourcecode.swift; path = HistoryViewModel.swift; sourceTree = "<group>"; };
		45EA94E02AFA2F1D00BEBA80 /* HistoryView.swift */ = {isa = PBXFileReference; lastKnownFileType = sourcecode.swift; path = HistoryView.swift; sourceTree = "<group>"; };
		45EA94E22AFB5F6000BEBA80 /* User.swift */ = {isa = PBXFileReference; lastKnownFileType = sourcecode.swift; path = User.swift; sourceTree = "<group>"; };
		45EA94E42AFB608F00BEBA80 /* UserListViewModel.swift */ = {isa = PBXFileReference; lastKnownFileType = sourcecode.swift; path = UserListViewModel.swift; sourceTree = "<group>"; };
		45EA94E82AFB66D500BEBA80 /* MainTabView.swift */ = {isa = PBXFileReference; lastKnownFileType = sourcecode.swift; path = MainTabView.swift; sourceTree = "<group>"; };
		45EA94EA2AFB670900BEBA80 /* UserListView.swift */ = {isa = PBXFileReference; lastKnownFileType = sourcecode.swift; path = UserListView.swift; sourceTree = "<group>"; };
		45EA94F32AFBA2F900BEBA80 /* SearchResults.swift */ = {isa = PBXFileReference; lastKnownFileType = sourcecode.swift; path = SearchResults.swift; sourceTree = "<group>"; };
		45EA94F62AFBF67000BEBA80 /* GitHubRequest.swift */ = {isa = PBXFileReference; lastKnownFileType = sourcecode.swift; path = GitHubRequest.swift; sourceTree = "<group>"; };
		45EA94FA2AFC047E00BEBA80 /* SearchRepositoriesRequest.swift */ = {isa = PBXFileReference; lastKnownFileType = sourcecode.swift; path = SearchRepositoriesRequest.swift; sourceTree = "<group>"; };
		45EA94FC2AFC04C300BEBA80 /* GitHubService.swift */ = {isa = PBXFileReference; lastKnownFileType = sourcecode.swift; path = GitHubService.swift; sourceTree = "<group>"; };
		45EA94FE2AFC2A6B00BEBA80 /* SearchUsersRequest.swift */ = {isa = PBXFileReference; lastKnownFileType = sourcecode.swift; path = SearchUsersRequest.swift; sourceTree = "<group>"; };
		45EA95022AFC3E7900BEBA80 /* TokenManager.swift */ = {isa = PBXFileReference; lastKnownFileType = sourcecode.swift; path = TokenManager.swift; sourceTree = "<group>"; };
		45EA95042AFC42C800BEBA80 /* UserView.swift */ = {isa = PBXFileReference; lastKnownFileType = sourcecode.swift; path = UserView.swift; sourceTree = "<group>"; };
		45EA95062AFC46C800BEBA80 /* GetUserRepositoriesRequest.swift */ = {isa = PBXFileReference; lastKnownFileType = sourcecode.swift; path = GetUserRepositoriesRequest.swift; sourceTree = "<group>"; };
		45EA950A2AFC4B6100BEBA80 /* UserRepositoryListView.swift */ = {isa = PBXFileReference; lastKnownFileType = sourcecode.swift; path = UserRepositoryListView.swift; sourceTree = "<group>"; };
		45EA950C2AFC4F4900BEBA80 /* UserRepositoryListViewModel.swift */ = {isa = PBXFileReference; lastKnownFileType = sourcecode.swift; path = UserRepositoryListViewModel.swift; sourceTree = "<group>"; };
/* End PBXFileReference section */

/* Begin PBXFrameworksBuildPhase section */
		450E5C5E2AF76B1500D9540A /* Frameworks */ = {
			isa = PBXFrameworksBuildPhase;
			buildActionMask = 2147483647;
			files = (
				450E5C792AF76F9700D9540A /* OAuthSwift in Frameworks */,
			);
			runOnlyForDeploymentPostprocessing = 0;
		};
/* End PBXFrameworksBuildPhase section */

/* Begin PBXGroup section */
		450E5C582AF76B1500D9540A = {
			isa = PBXGroup;
			children = (
				450E5C632AF76B1500D9540A /* GitRepoFinder */,
				450E5C622AF76B1500D9540A /* Products */,
			);
			sourceTree = "<group>";
		};
		450E5C622AF76B1500D9540A /* Products */ = {
			isa = PBXGroup;
			children = (
				450E5C612AF76B1500D9540A /* GitRepoFinder.app */,
			);
			name = Products;
			sourceTree = "<group>";
		};
		450E5C632AF76B1500D9540A /* GitRepoFinder */ = {
			isa = PBXGroup;
			children = (
				45EA94EF2AFB984600BEBA80 /* Auth */,
				450E5C7F2AF79F8600D9540A /* Models */,
				45EA94EE2AFB981A00BEBA80 /* ViewModels */,
				45EA94ED2AFB97CE00BEBA80 /* View */,
				45EA94EC2AFB97C200BEBA80 /* Service */,
				45B83D572AF8EF5B00BC92CF /* Utilities */,
				450E5C722AF76E5900D9540A /* Info.plist */,
				450E5C642AF76B1500D9540A /* GitRepoFinderApp.swift */,
				450E5C6A2AF76B1900D9540A /* Preview Content */,
				45B83D5A2AF8FFB500BC92CF /* Resources */,
			);
			path = GitRepoFinder;
			sourceTree = "<group>";
		};
		450E5C6A2AF76B1900D9540A /* Preview Content */ = {
			isa = PBXGroup;
			children = (
				450E5C6B2AF76B1900D9540A /* Preview Assets.xcassets */,
			);
			path = "Preview Content";
			sourceTree = "<group>";
		};
		450E5C7F2AF79F8600D9540A /* Models */ = {
			isa = PBXGroup;
			children = (
				450E5C7D2AF77D5F00D9540A /* Repository.swift */,
				45EA94E22AFB5F6000BEBA80 /* User.swift */,
				45EA94F32AFBA2F900BEBA80 /* SearchResults.swift */,
			);
			path = Models;
			sourceTree = "<group>";
		};
		45B83D572AF8EF5B00BC92CF /* Utilities */ = {
			isa = PBXGroup;
			children = (
				45B83D532AF8CCF600BC92CF /* Sort.swift */,
				450E5C752AF76E9700D9540A /* Constants.swift */,
				45EA95022AFC3E7900BEBA80 /* TokenManager.swift */,
			);
			path = Utilities;
			sourceTree = "<group>";
		};
		45B83D5A2AF8FFB500BC92CF /* Resources */ = {
			isa = PBXGroup;
			children = (
				450E5C682AF76B1900D9540A /* Assets.xcassets */,
			);
			path = Resources;
			sourceTree = "<group>";
		};
		45EA94EC2AFB97C200BEBA80 /* Service */ = {
			isa = PBXGroup;
			children = (
				45EA94F82AFBF87F00BEBA80 /* Network */,
				45EA94F62AFBF67000BEBA80 /* GitHubRequest.swift */,
			);
			path = Service;
			sourceTree = "<group>";
		};
		45EA94ED2AFB97CE00BEBA80 /* View */ = {
			isa = PBXGroup;
			children = (
				45EA94EA2AFB670900BEBA80 /* UserListView.swift */,
				45EA95042AFC42C800BEBA80 /* UserView.swift */,
				450E5C7A2AF772EB00D9540A /* RepositoryListView.swift */,
				45B83D582AF8FEE200BC92CF /* RepositoryView.swift */,
				45EA950A2AFC4B6100BEBA80 /* UserRepositoryListView.swift */,
				45EA94E02AFA2F1D00BEBA80 /* HistoryView.swift */,
			);
			path = View;
			sourceTree = "<group>";
		};
		45EA94EE2AFB981A00BEBA80 /* ViewModels */ = {
			isa = PBXGroup;
			children = (
				45EA94E42AFB608F00BEBA80 /* UserListViewModel.swift */,
				450E5C802AF79FA000D9540A /* RepositoryListViewModel.swift */,
				45EA950C2AFC4F4900BEBA80 /* UserRepositoryListViewModel.swift */,
				45B83D5C2AFA298000BC92CF /* HistoryViewModel.swift */,
			);
			path = ViewModels;
			sourceTree = "<group>";
		};
		45EA94EF2AFB984600BEBA80 /* Auth */ = {
			isa = PBXGroup;
			children = (
				45EA94F12AFB986800BEBA80 /* ViewModels */,
				45EA94F02AFB985200BEBA80 /* Views */,
			);
			path = Auth;
			sourceTree = "<group>";
		};
		45EA94F02AFB985200BEBA80 /* Views */ = {
			isa = PBXGroup;
			children = (
				450E5C662AF76B1500D9540A /* LoginView.swift */,
				457610992AF8AC620008C91D /* ContentView.swift */,
				45EA94E82AFB66D500BEBA80 /* MainTabView.swift */,
			);
			path = Views;
			sourceTree = "<group>";
		};
		45EA94F12AFB986800BEBA80 /* ViewModels */ = {
			isa = PBXGroup;
			children = (
				450E5C732AF76E8900D9540A /* AuthManager.swift */,
				457610972AF7F3EB0008C91D /* LoginViewModel.swift */,
			);
			path = ViewModels;
			sourceTree = "<group>";
		};
		45EA94F82AFBF87F00BEBA80 /* Network */ = {
			isa = PBXGroup;
			children = (
				45EA94F92AFC045000BEBA80 /* Requests */,
				45EA94FC2AFC04C300BEBA80 /* GitHubService.swift */,
			);
			path = Network;
			sourceTree = "<group>";
		};
		45EA94F92AFC045000BEBA80 /* Requests */ = {
			isa = PBXGroup;
			children = (
				45EA94FA2AFC047E00BEBA80 /* SearchRepositoriesRequest.swift */,
				45EA94FE2AFC2A6B00BEBA80 /* SearchUsersRequest.swift */,
				45EA95062AFC46C800BEBA80 /* GetUserRepositoriesRequest.swift */,
			);
			path = Requests;
			sourceTree = "<group>";
		};
/* End PBXGroup section */

/* Begin PBXNativeTarget section */
		450E5C602AF76B1500D9540A /* GitRepoFinder */ = {
			isa = PBXNativeTarget;
			buildConfigurationList = 450E5C6F2AF76B1900D9540A /* Build configuration list for PBXNativeTarget "GitRepoFinder" */;
			buildPhases = (
				450E5C5D2AF76B1500D9540A /* Sources */,
				450E5C5E2AF76B1500D9540A /* Frameworks */,
				450E5C5F2AF76B1500D9540A /* Resources */,
			);
			buildRules = (
			);
			dependencies = (
			);
			name = GitRepoFinder;
			packageProductDependencies = (
				450E5C782AF76F9700D9540A /* OAuthSwift */,
			);
			productName = GitRepoFinder;
			productReference = 450E5C612AF76B1500D9540A /* GitRepoFinder.app */;
			productType = "com.apple.product-type.application";
		};
/* End PBXNativeTarget section */

/* Begin PBXProject section */
		450E5C592AF76B1500D9540A /* Project object */ = {
			isa = PBXProject;
			attributes = {
				BuildIndependentTargetsInParallel = 1;
				LastSwiftUpdateCheck = 1500;
				LastUpgradeCheck = 1500;
				TargetAttributes = {
					450E5C602AF76B1500D9540A = {
						CreatedOnToolsVersion = 15.0.1;
					};
				};
			};
			buildConfigurationList = 450E5C5C2AF76B1500D9540A /* Build configuration list for PBXProject "GitRepoFinder" */;
			compatibilityVersion = "Xcode 14.0";
			developmentRegion = en;
			hasScannedForEncodings = 0;
			knownRegions = (
				en,
				Base,
			);
			mainGroup = 450E5C582AF76B1500D9540A;
			packageReferences = (
				450E5C772AF76F9700D9540A /* XCRemoteSwiftPackageReference "OAuthSwift" */,
			);
			productRefGroup = 450E5C622AF76B1500D9540A /* Products */;
			projectDirPath = "";
			projectRoot = "";
			targets = (
				450E5C602AF76B1500D9540A /* GitRepoFinder */,
			);
		};
/* End PBXProject section */

/* Begin PBXResourcesBuildPhase section */
		450E5C5F2AF76B1500D9540A /* Resources */ = {
			isa = PBXResourcesBuildPhase;
			buildActionMask = 2147483647;
			files = (
				450E5C6C2AF76B1900D9540A /* Preview Assets.xcassets in Resources */,
				450E5C692AF76B1900D9540A /* Assets.xcassets in Resources */,
			);
			runOnlyForDeploymentPostprocessing = 0;
		};
/* End PBXResourcesBuildPhase section */

/* Begin PBXSourcesBuildPhase section */
		450E5C5D2AF76B1500D9540A /* Sources */ = {
			isa = PBXSourcesBuildPhase;
			buildActionMask = 2147483647;
			files = (
				45EA94FF2AFC2A6B00BEBA80 /* SearchUsersRequest.swift in Sources */,
				450E5C7B2AF772EB00D9540A /* RepositoryListView.swift in Sources */,
				45EA94F72AFBF67000BEBA80 /* GitHubRequest.swift in Sources */,
				450E5C812AF79FA000D9540A /* RepositoryListViewModel.swift in Sources */,
				457610982AF7F3EB0008C91D /* LoginViewModel.swift in Sources */,
				45EA94E92AFB66D600BEBA80 /* MainTabView.swift in Sources */,
				45B83D542AF8CCF600BC92CF /* Sort.swift in Sources */,
				45EA94E12AFA2F1D00BEBA80 /* HistoryView.swift in Sources */,
				450E5C672AF76B1500D9540A /* LoginView.swift in Sources */,
				45EA95072AFC46C900BEBA80 /* GetUserRepositoriesRequest.swift in Sources */,
				45EA94E52AFB608F00BEBA80 /* UserListViewModel.swift in Sources */,
				45EA94FB2AFC047E00BEBA80 /* SearchRepositoriesRequest.swift in Sources */,
				45EA94E32AFB5F6000BEBA80 /* User.swift in Sources */,
				45EA950B2AFC4B6100BEBA80 /* UserRepositoryListView.swift in Sources */,
				45B83D592AF8FEE200BC92CF /* RepositoryView.swift in Sources */,
				45B83D5D2AFA298000BC92CF /* HistoryViewModel.swift in Sources */,
				45EA94FD2AFC04C300BEBA80 /* GitHubService.swift in Sources */,
				45EA950D2AFC4F4900BEBA80 /* UserRepositoryListViewModel.swift in Sources */,
				450E5C742AF76E8900D9540A /* AuthManager.swift in Sources */,
				4576109A2AF8AC620008C91D /* ContentView.swift in Sources */,
				45EA94EB2AFB670900BEBA80 /* UserListView.swift in Sources */,
				450E5C7E2AF77D5F00D9540A /* Repository.swift in Sources */,
				45EA95052AFC42C800BEBA80 /* UserView.swift in Sources */,
				450E5C652AF76B1500D9540A /* GitRepoFinderApp.swift in Sources */,
				45EA94F42AFBA2F900BEBA80 /* SearchResults.swift in Sources */,
				45EA95032AFC3E7900BEBA80 /* TokenManager.swift in Sources */,
				450E5C762AF76E9700D9540A /* Constants.swift in Sources */,
			);
			runOnlyForDeploymentPostprocessing = 0;
		};
/* End PBXSourcesBuildPhase section */

/* Begin XCBuildConfiguration section */
		450E5C6D2AF76B1900D9540A /* Debug */ = {
			isa = XCBuildConfiguration;
			buildSettings = {
				ALWAYS_SEARCH_USER_PATHS = NO;
				ASSETCATALOG_COMPILER_GENERATE_SWIFT_ASSET_SYMBOL_EXTENSIONS = YES;
				CLANG_ANALYZER_NONNULL = YES;
				CLANG_ANALYZER_NUMBER_OBJECT_CONVERSION = YES_AGGRESSIVE;
				CLANG_CXX_LANGUAGE_STANDARD = "gnu++20";
				CLANG_ENABLE_MODULES = YES;
				CLANG_ENABLE_OBJC_ARC = YES;
				CLANG_ENABLE_OBJC_WEAK = YES;
				CLANG_WARN_BLOCK_CAPTURE_AUTORELEASING = YES;
				CLANG_WARN_BOOL_CONVERSION = YES;
				CLANG_WARN_COMMA = YES;
				CLANG_WARN_CONSTANT_CONVERSION = YES;
				CLANG_WARN_DEPRECATED_OBJC_IMPLEMENTATIONS = YES;
				CLANG_WARN_DIRECT_OBJC_ISA_USAGE = YES_ERROR;
				CLANG_WARN_DOCUMENTATION_COMMENTS = YES;
				CLANG_WARN_EMPTY_BODY = YES;
				CLANG_WARN_ENUM_CONVERSION = YES;
				CLANG_WARN_INFINITE_RECURSION = YES;
				CLANG_WARN_INT_CONVERSION = YES;
				CLANG_WARN_NON_LITERAL_NULL_CONVERSION = YES;
				CLANG_WARN_OBJC_IMPLICIT_RETAIN_SELF = YES;
				CLANG_WARN_OBJC_LITERAL_CONVERSION = YES;
				CLANG_WARN_OBJC_ROOT_CLASS = YES_ERROR;
				CLANG_WARN_QUOTED_INCLUDE_IN_FRAMEWORK_HEADER = YES;
				CLANG_WARN_RANGE_LOOP_ANALYSIS = YES;
				CLANG_WARN_STRICT_PROTOTYPES = YES;
				CLANG_WARN_SUSPICIOUS_MOVE = YES;
				CLANG_WARN_UNGUARDED_AVAILABILITY = YES_AGGRESSIVE;
				CLANG_WARN_UNREACHABLE_CODE = YES;
				CLANG_WARN__DUPLICATE_METHOD_MATCH = YES;
				COPY_PHASE_STRIP = NO;
				DEBUG_INFORMATION_FORMAT = dwarf;
				ENABLE_STRICT_OBJC_MSGSEND = YES;
				ENABLE_TESTABILITY = YES;
				ENABLE_USER_SCRIPT_SANDBOXING = YES;
				GCC_C_LANGUAGE_STANDARD = gnu17;
				GCC_DYNAMIC_NO_PIC = NO;
				GCC_NO_COMMON_BLOCKS = YES;
				GCC_OPTIMIZATION_LEVEL = 0;
				GCC_PREPROCESSOR_DEFINITIONS = (
					"DEBUG=1",
					"$(inherited)",
				);
				GCC_WARN_64_TO_32_BIT_CONVERSION = YES;
				GCC_WARN_ABOUT_RETURN_TYPE = YES_ERROR;
				GCC_WARN_UNDECLARED_SELECTOR = YES;
				GCC_WARN_UNINITIALIZED_AUTOS = YES_AGGRESSIVE;
				GCC_WARN_UNUSED_FUNCTION = YES;
				GCC_WARN_UNUSED_VARIABLE = YES;
				IPHONEOS_DEPLOYMENT_TARGET = 17.0;
				LOCALIZATION_PREFERS_STRING_CATALOGS = YES;
				MTL_ENABLE_DEBUG_INFO = INCLUDE_SOURCE;
				MTL_FAST_MATH = YES;
				ONLY_ACTIVE_ARCH = YES;
				SDKROOT = iphoneos;
				SWIFT_ACTIVE_COMPILATION_CONDITIONS = "DEBUG $(inherited)";
				SWIFT_OPTIMIZATION_LEVEL = "-Onone";
			};
			name = Debug;
		};
		450E5C6E2AF76B1900D9540A /* Release */ = {
			isa = XCBuildConfiguration;
			buildSettings = {
				ALWAYS_SEARCH_USER_PATHS = NO;
				ASSETCATALOG_COMPILER_GENERATE_SWIFT_ASSET_SYMBOL_EXTENSIONS = YES;
				CLANG_ANALYZER_NONNULL = YES;
				CLANG_ANALYZER_NUMBER_OBJECT_CONVERSION = YES_AGGRESSIVE;
				CLANG_CXX_LANGUAGE_STANDARD = "gnu++20";
				CLANG_ENABLE_MODULES = YES;
				CLANG_ENABLE_OBJC_ARC = YES;
				CLANG_ENABLE_OBJC_WEAK = YES;
				CLANG_WARN_BLOCK_CAPTURE_AUTORELEASING = YES;
				CLANG_WARN_BOOL_CONVERSION = YES;
				CLANG_WARN_COMMA = YES;
				CLANG_WARN_CONSTANT_CONVERSION = YES;
				CLANG_WARN_DEPRECATED_OBJC_IMPLEMENTATIONS = YES;
				CLANG_WARN_DIRECT_OBJC_ISA_USAGE = YES_ERROR;
				CLANG_WARN_DOCUMENTATION_COMMENTS = YES;
				CLANG_WARN_EMPTY_BODY = YES;
				CLANG_WARN_ENUM_CONVERSION = YES;
				CLANG_WARN_INFINITE_RECURSION = YES;
				CLANG_WARN_INT_CONVERSION = YES;
				CLANG_WARN_NON_LITERAL_NULL_CONVERSION = YES;
				CLANG_WARN_OBJC_IMPLICIT_RETAIN_SELF = YES;
				CLANG_WARN_OBJC_LITERAL_CONVERSION = YES;
				CLANG_WARN_OBJC_ROOT_CLASS = YES_ERROR;
				CLANG_WARN_QUOTED_INCLUDE_IN_FRAMEWORK_HEADER = YES;
				CLANG_WARN_RANGE_LOOP_ANALYSIS = YES;
				CLANG_WARN_STRICT_PROTOTYPES = YES;
				CLANG_WARN_SUSPICIOUS_MOVE = YES;
				CLANG_WARN_UNGUARDED_AVAILABILITY = YES_AGGRESSIVE;
				CLANG_WARN_UNREACHABLE_CODE = YES;
				CLANG_WARN__DUPLICATE_METHOD_MATCH = YES;
				COPY_PHASE_STRIP = NO;
				DEBUG_INFORMATION_FORMAT = "dwarf-with-dsym";
				ENABLE_NS_ASSERTIONS = NO;
				ENABLE_STRICT_OBJC_MSGSEND = YES;
				ENABLE_USER_SCRIPT_SANDBOXING = YES;
				GCC_C_LANGUAGE_STANDARD = gnu17;
				GCC_NO_COMMON_BLOCKS = YES;
				GCC_WARN_64_TO_32_BIT_CONVERSION = YES;
				GCC_WARN_ABOUT_RETURN_TYPE = YES_ERROR;
				GCC_WARN_UNDECLARED_SELECTOR = YES;
				GCC_WARN_UNINITIALIZED_AUTOS = YES_AGGRESSIVE;
				GCC_WARN_UNUSED_FUNCTION = YES;
				GCC_WARN_UNUSED_VARIABLE = YES;
				IPHONEOS_DEPLOYMENT_TARGET = 17.0;
				LOCALIZATION_PREFERS_STRING_CATALOGS = YES;
				MTL_ENABLE_DEBUG_INFO = NO;
				MTL_FAST_MATH = YES;
				SDKROOT = iphoneos;
				SWIFT_COMPILATION_MODE = wholemodule;
				VALIDATE_PRODUCT = YES;
			};
			name = Release;
		};
		450E5C702AF76B1900D9540A /* Debug */ = {
			isa = XCBuildConfiguration;
			buildSettings = {
				ASSETCATALOG_COMPILER_APPICON_NAME = AppIcon;
				ASSETCATALOG_COMPILER_GLOBAL_ACCENT_COLOR_NAME = AccentColor;
				CODE_SIGN_STYLE = Automatic;
				CURRENT_PROJECT_VERSION = 1;
				DEVELOPMENT_ASSET_PATHS = "\"GitRepoFinder/Preview Content\"";
				DEVELOPMENT_TEAM = 9K6FF48SQA;
				ENABLE_PREVIEWS = YES;
				GENERATE_INFOPLIST_FILE = YES;
				INFOPLIST_FILE = GitRepoFinder/Info.plist;
				INFOPLIST_KEY_UIApplicationSceneManifest_Generation = YES;
				INFOPLIST_KEY_UIApplicationSupportsIndirectInputEvents = YES;
				INFOPLIST_KEY_UILaunchScreen_Generation = YES;
				INFOPLIST_KEY_UISupportedInterfaceOrientations_iPad = "UIInterfaceOrientationPortrait UIInterfaceOrientationPortraitUpsideDown UIInterfaceOrientationLandscapeLeft UIInterfaceOrientationLandscapeRight";
				INFOPLIST_KEY_UISupportedInterfaceOrientations_iPhone = "UIInterfaceOrientationPortrait UIInterfaceOrientationLandscapeLeft UIInterfaceOrientationLandscapeRight";
				LD_RUNPATH_SEARCH_PATHS = (
					"$(inherited)",
					"@executable_path/Frameworks",
				);
				MARKETING_VERSION = 1.0;
				PRODUCT_BUNDLE_IDENTIFIER = com.ai.GitRepoFinder;
				PRODUCT_NAME = "$(TARGET_NAME)";
				SWIFT_EMIT_LOC_STRINGS = YES;
				SWIFT_VERSION = 5.0;
				TARGETED_DEVICE_FAMILY = "1,2";
			};
			name = Debug;
		};
		450E5C712AF76B1900D9540A /* Release */ = {
			isa = XCBuildConfiguration;
			buildSettings = {
				ASSETCATALOG_COMPILER_APPICON_NAME = AppIcon;
				ASSETCATALOG_COMPILER_GLOBAL_ACCENT_COLOR_NAME = AccentColor;
				CODE_SIGN_STYLE = Automatic;
				CURRENT_PROJECT_VERSION = 1;
				DEVELOPMENT_ASSET_PATHS = "\"GitRepoFinder/Preview Content\"";
				DEVELOPMENT_TEAM = 9K6FF48SQA;
				ENABLE_PREVIEWS = YES;
				GENERATE_INFOPLIST_FILE = YES;
				INFOPLIST_FILE = GitRepoFinder/Info.plist;
				INFOPLIST_KEY_UIApplicationSceneManifest_Generation = YES;
				INFOPLIST_KEY_UIApplicationSupportsIndirectInputEvents = YES;
				INFOPLIST_KEY_UILaunchScreen_Generation = YES;
				INFOPLIST_KEY_UISupportedInterfaceOrientations_iPad = "UIInterfaceOrientationPortrait UIInterfaceOrientationPortraitUpsideDown UIInterfaceOrientationLandscapeLeft UIInterfaceOrientationLandscapeRight";
				INFOPLIST_KEY_UISupportedInterfaceOrientations_iPhone = "UIInterfaceOrientationPortrait UIInterfaceOrientationLandscapeLeft UIInterfaceOrientationLandscapeRight";
				LD_RUNPATH_SEARCH_PATHS = (
					"$(inherited)",
					"@executable_path/Frameworks",
				);
				MARKETING_VERSION = 1.0;
				PRODUCT_BUNDLE_IDENTIFIER = com.ai.GitRepoFinder;
				PRODUCT_NAME = "$(TARGET_NAME)";
				SWIFT_EMIT_LOC_STRINGS = YES;
				SWIFT_VERSION = 5.0;
				TARGETED_DEVICE_FAMILY = "1,2";
			};
			name = Release;
		};
/* End XCBuildConfiguration section */

/* Begin XCConfigurationList section */
		450E5C5C2AF76B1500D9540A /* Build configuration list for PBXProject "GitRepoFinder" */ = {
			isa = XCConfigurationList;
			buildConfigurations = (
				450E5C6D2AF76B1900D9540A /* Debug */,
				450E5C6E2AF76B1900D9540A /* Release */,
			);
			defaultConfigurationIsVisible = 0;
			defaultConfigurationName = Release;
		};
		450E5C6F2AF76B1900D9540A /* Build configuration list for PBXNativeTarget "GitRepoFinder" */ = {
			isa = XCConfigurationList;
			buildConfigurations = (
				450E5C702AF76B1900D9540A /* Debug */,
				450E5C712AF76B1900D9540A /* Release */,
			);
			defaultConfigurationIsVisible = 0;
			defaultConfigurationName = Release;
		};
/* End XCConfigurationList section */

/* Begin XCRemoteSwiftPackageReference section */
		450E5C772AF76F9700D9540A /* XCRemoteSwiftPackageReference "OAuthSwift" */ = {
			isa = XCRemoteSwiftPackageReference;
			repositoryURL = "https://github.com/OAuthSwift/OAuthSwift.git";
			requirement = {
				kind = upToNextMajorVersion;
				minimumVersion = 2.2.0;
			};
		};
/* End XCRemoteSwiftPackageReference section */

/* Begin XCSwiftPackageProductDependency section */
		450E5C782AF76F9700D9540A /* OAuthSwift */ = {
			isa = XCSwiftPackageProductDependency;
			package = 450E5C772AF76F9700D9540A /* XCRemoteSwiftPackageReference "OAuthSwift" */;
			productName = OAuthSwift;
		};
/* End XCSwiftPackageProductDependency section */
	};
	rootObject = 450E5C592AF76B1500D9540A /* Project object */;
}
